
Microsoft Visual Studio Solution File, Format Version 12.00
# Visual Studio 14
VisualStudioVersion = 14.0.23107.0
MinimumVisualStudioVersion = 10.0.40219.1
Project("{2150E333-8FDC-42A3-9474-1A3956D46DE8}") = "01 - Multi-threading", "01 - Multi-threading", "{DADFD7F1-689B-4088-AB10-D292269E11B0}"
EndProject
Project("{FAE04EC0-301F-11D3-BF4B-00C04F79EFBC}") = "01.Threads", "01 - Multi-threading\01.Threads\01.Threads.csproj", "{E48FAABC-077D-4A2A-8581-D61EE28D039C}"
EndProject
Project("{FAE04EC0-301F-11D3-BF4B-00C04F79EFBC}") = "02.TPL", "01 - Multi-threading\02.TPL\02.TPL.csproj", "{1EF47DE3-4B6C-4791-A62F-9FD719794EB4}"
EndProject
Project("{FAE04EC0-301F-11D3-BF4B-00C04F79EFBC}") = "03.Synchronization", "01 - Multi-threading\03.Synchronization\03.Synchronization.csproj", "{0C62D941-7215-4C5C-A2CC-0E110A4035B9}"
EndProject
Project("{FAE04EC0-301F-11D3-BF4B-00C04F79EFBC}") = "Tests.01", "01 - Multi-threading\Tests\Tests.01\Tests.01.csproj", "{BB516246-0039-4E89-9295-9E6F6F23C607}"
EndProject
Project("{2150E333-8FDC-42A3-9474-1A3956D46DE8}") = "02 - Async", "02 - Async", "{30EFCFC9-75DE-4BF2-9D7D-192CF97BB2B6}"
EndProject
Project("{FAE04EC0-301F-11D3-BF4B-00C04F79EFBC}") = "01.AsyncAwait", "02 - Async\01.AsyncAwait\01.AsyncAwait.csproj", "{63170BA2-029E-4AA5-9AEF-1C2C8632344D}"
EndProject
Project("{FAE04EC0-301F-11D3-BF4B-00C04F79EFBC}") = "03.Expressions", "03 - Expressions\03.Expressions\03.Expressions.csproj", "{211FAB7C-FB93-48BE-A5E9-3A21DEC38C54}"
EndProject
Project("{2150E333-8FDC-42A3-9474-1A3956D46DE8}") = "03 - Expressions", "03 - Expressions", "{5A2F2BDD-B497-4C2F-BF0A-18AA9ACDD5EC}"
EndProject
Project("{FAE04EC0-301F-11D3-BF4B-00C04F79EFBC}") = "02.IQueryables", "03 - Expressions\02.IQueryables\02.IQueryables.csproj", "{5260F48E-ADE1-49A2-BC61-85870D11B6E7}"
EndProject
Project("{FAE04EC0-301F-11D3-BF4B-00C04F79EFBC}") = "Task01", "03 - Expressions\Task01\Task01.csproj", "{FE0584BF-0E6B-4893-88AA-E1648B9B9B28}"
EndProject
Project("{FAE04EC0-301F-11D3-BF4B-00C04F79EFBC}") = "Task02", "03 - Expressions\Task02\Task02.csproj", "{FA0AFE60-38B5-489E-B982-E0AE55A4314E}"
EndProject
Project("{2150E333-8FDC-42A3-9474-1A3956D46DE8}") = ".nuget", ".nuget", "{B5172463-B042-499D-B56D-3B7BBE6A4E16}"
	ProjectSection(SolutionItems) = preProject
		.nuget\NuGet.Config = .nuget\NuGet.Config
		.nuget\NuGet.exe = .nuget\NuGet.exe
		.nuget\NuGet.targets = .nuget\NuGet.targets
	EndProjectSection
EndProject
Project("{2150E333-8FDC-42A3-9474-1A3956D46DE8}") = "04 - AppDomains", "04 - AppDomains", "{278ABA1D-327A-4D04-8AD6-924EAFEA9C33}"
EndProject
Project("{FAE04EC0-301F-11D3-BF4B-00C04F79EFBC}") = "PluginV1", "04 - AppDomains\PluginV1\PluginV1.csproj", "{A9DDE0D8-4D63-40EF-A5B0-B4528DB7F196}"
EndProject
Project("{FAE04EC0-301F-11D3-BF4B-00C04F79EFBC}") = "PluginV2", "04 - AppDomains\PluginV2\PluginV2.csproj", "{2B393430-D3FC-496A-8F5F-5A39FF3813CB}"
EndProject
Project("{FAE04EC0-301F-11D3-BF4B-00C04F79EFBC}") = "OtherApp", "04 - AppDomains\OtherApp\OtherApp.csproj", "{344FEFED-9834-46C4-9B02-01EB771D579C}"
EndProject
Project("{FAE04EC0-301F-11D3-BF4B-00C04F79EFBC}") = "AppDomains", "04 - AppDomains\AppDomains\AppDomains.csproj", "{D650099B-50CE-4DC1-B037-01CBB4310708}"
EndProject
Project("{FAE04EC0-301F-11D3-BF4B-00C04F79EFBC}") = "PluginManager", "04 - AppDomains\PluginManager\PluginManager.csproj", "{21874F44-851C-444D-8B99-683700BCBBD9}"
EndProject
Project("{FAE04EC0-301F-11D3-BF4B-00C04F79EFBC}") = "Task", "04 - AppDomains\Task\Task.csproj", "{4FD7B3EC-EA3A-4CB9-9817-4005F65C345D}"
EndProject
Project("{FAE04EC0-301F-11D3-BF4B-00C04F79EFBC}") = "CommonLibrary", "04 - AppDomains\CommonLibrary\CommonLibrary.csproj", "{3A199F93-3915-4D5A-871E-D8C9882DED64}"
EndProject
Project("{2150E333-8FDC-42A3-9474-1A3956D46DE8}") = "TaskLibs", "TaskLibs", "{7FBD44F4-4231-42F7-AC5F-E3051BE5C58E}"
EndProject
Project("{2150E333-8FDC-42A3-9474-1A3956D46DE8}") = "05 - Unmanaged", "05 - Unmanaged", "{3B9E42CE-528A-44B6-864D-D9224183AF42}"
EndProject
Project("{FAE04EC0-301F-11D3-BF4B-00C04F79EFBC}") = "Unmanaged", "05 - Unmanaged\Unmanaged\Unmanaged.csproj", "{E5506E17-3099-4279-A1E9-A4DFB76A3D29}"
EndProject
Project("{FAE04EC0-301F-11D3-BF4B-00C04F79EFBC}") = "COM", "05 - Unmanaged\COM\COM.csproj", "{EB91571C-A811-4515-986B-FCD800A94A1C}"
EndProject
Project("{FAE04EC0-301F-11D3-BF4B-00C04F79EFBC}") = "Task", "05 - Unmanaged\Task\Task.csproj", "{8F424BA8-76B5-4F3F-896B-F5ACFDD61CAA}"
EndProject
Project("{FAE04EC0-301F-11D3-BF4B-00C04F79EFBC}") = "PowerManagement", "05 - Unmanaged\PowerManagement\PowerManagement.csproj", "{5C051988-868C-489D-BBAD-D3B7B629BE41}"
EndProject
Project("{FAE04EC0-301F-11D3-BF4B-00C04F79EFBC}") = "Calculator", "Calculator\Calculator.csproj", "{AFF27D86-1B5D-4310-9675-E1513972DAC0}"
EndProject
Project("{2150E333-8FDC-42A3-9474-1A3956D46DE8}") = "07 - Services", "07 - Services", "{9A79528A-95E5-4C2E-86C9-923E6164042F}"
EndProject
Project("{FAE04EC0-301F-11D3-BF4B-00C04F79EFBC}") = "MyService", "07 - Services\MyService\MyService.csproj", "{E8F0A7D5-A920-46B9-949A-193A9E3D5556}"
EndProject
Project("{2150E333-8FDC-42A3-9474-1A3956D46DE8}") = "08 - MessageQueues", "08 - MessageQueues", "{1CBCCE9A-B24D-4867-8368-2FFAE39589FA}"
EndProject
Project("{FAE04EC0-301F-11D3-BF4B-00C04F79EFBC}") = "MyQueue", "08 - MessageQueues\MyQueue\MyQueue.csproj", "{C190D6C0-B973-4984-B17F-F8283B4E98E3}"
EndProject
Project("{FAE04EC0-301F-11D3-BF4B-00C04F79EFBC}") = "PDFSharpTest", "07 - Services\PDFSharpTest\PDFSharpTest.csproj", "{0B3A1638-6294-42EC-960E-9F1B65917FEE}"
EndProject
Project("{2150E333-8FDC-42A3-9474-1A3956D46DE8}") = "DocumentProcessor", "DocumentProcessor", "{1209AA4C-794D-42C8-B464-9426E10B1396}"
EndProject
Project("{FAE04EC0-301F-11D3-BF4B-00C04F79EFBC}") = "DocumentProcessor.FileService", "DocumentProcessor\DocumentProcessor.FileService\DocumentProcessor.FileService.csproj", "{759F4042-A226-4BA6-99BA-132654A2CD36}"
EndProject
Project("{FAE04EC0-301F-11D3-BF4B-00C04F79EFBC}") = "DocumentProcessor.ProcessorService", "DocumentProcessor\DocumentProcessor.ProcessorService\DocumentProcessor.ProcessorService.csproj", "{2EEF1F71-96CF-451B-BC74-B72C30E0925F}"
EndProject
Project("{FAE04EC0-301F-11D3-BF4B-00C04F79EFBC}") = "DocumentProcessor.Core", "DocumentProcessor\DocumentProcessor.Core\DocumentProcessor.Core.csproj", "{A0A17443-9AAA-4FF3-A8A0-2A0D5E0271AC}"
EndProject
Project("{FAE04EC0-301F-11D3-BF4B-00C04F79EFBC}") = "DocumentProcessor.Test", "DocumentProcessor\DocumentProcessor.Test\DocumentProcessor.Test.csproj", "{FDB51FE9-D65A-4AD3-B461-5230093E1042}"
EndProject
Project("{2150E333-8FDC-42A3-9474-1A3956D46DE8}") = "09 - CustomSerialization", "09 - CustomSerialization", "{DE512D9E-9DED-4C3B-81A4-8364A26A7EBE}"
EndProject
Project("{FAE04EC0-301F-11D3-BF4B-00C04F79EFBC}") = "CustomSerizlization", "09 - CustomSerialization\CustomSerizlization\CustomSerizlization.csproj", "{DDB98F55-94AA-42B5-BD52-6B0DF5B2F0DC}"
EndProject
Global
	GlobalSection(SolutionConfigurationPlatforms) = preSolution
		Debug|Any CPU = Debug|Any CPU
		Release|Any CPU = Release|Any CPU
	EndGlobalSection
	GlobalSection(ProjectConfigurationPlatforms) = postSolution
		{E48FAABC-077D-4A2A-8581-D61EE28D039C}.Debug|Any CPU.ActiveCfg = Debug|Any CPU
		{E48FAABC-077D-4A2A-8581-D61EE28D039C}.Debug|Any CPU.Build.0 = Debug|Any CPU
		{E48FAABC-077D-4A2A-8581-D61EE28D039C}.Release|Any CPU.ActiveCfg = Release|Any CPU
		{E48FAABC-077D-4A2A-8581-D61EE28D039C}.Release|Any CPU.Build.0 = Release|Any CPU
		{1EF47DE3-4B6C-4791-A62F-9FD719794EB4}.Debug|Any CPU.ActiveCfg = Debug|Any CPU
		{1EF47DE3-4B6C-4791-A62F-9FD719794EB4}.Debug|Any CPU.Build.0 = Debug|Any CPU
		{1EF47DE3-4B6C-4791-A62F-9FD719794EB4}.Release|Any CPU.ActiveCfg = Release|Any CPU
		{1EF47DE3-4B6C-4791-A62F-9FD719794EB4}.Release|Any CPU.Build.0 = Release|Any CPU
		{0C62D941-7215-4C5C-A2CC-0E110A4035B9}.Debug|Any CPU.ActiveCfg = Debug|Any CPU
		{0C62D941-7215-4C5C-A2CC-0E110A4035B9}.Debug|Any CPU.Build.0 = Debug|Any CPU
		{0C62D941-7215-4C5C-A2CC-0E110A4035B9}.Release|Any CPU.ActiveCfg = Release|Any CPU
		{0C62D941-7215-4C5C-A2CC-0E110A4035B9}.Release|Any CPU.Build.0 = Release|Any CPU
		{BB516246-0039-4E89-9295-9E6F6F23C607}.Debug|Any CPU.ActiveCfg = Debug|Any CPU
		{BB516246-0039-4E89-9295-9E6F6F23C607}.Debug|Any CPU.Build.0 = Debug|Any CPU
		{BB516246-0039-4E89-9295-9E6F6F23C607}.Release|Any CPU.ActiveCfg = Release|Any CPU
		{BB516246-0039-4E89-9295-9E6F6F23C607}.Release|Any CPU.Build.0 = Release|Any CPU
		{63170BA2-029E-4AA5-9AEF-1C2C8632344D}.Debug|Any CPU.ActiveCfg = Debug|Any CPU
		{63170BA2-029E-4AA5-9AEF-1C2C8632344D}.Debug|Any CPU.Build.0 = Debug|Any CPU
		{63170BA2-029E-4AA5-9AEF-1C2C8632344D}.Release|Any CPU.ActiveCfg = Release|Any CPU
		{63170BA2-029E-4AA5-9AEF-1C2C8632344D}.Release|Any CPU.Build.0 = Release|Any CPU
		{211FAB7C-FB93-48BE-A5E9-3A21DEC38C54}.Debug|Any CPU.ActiveCfg = Debug|Any CPU
		{211FAB7C-FB93-48BE-A5E9-3A21DEC38C54}.Debug|Any CPU.Build.0 = Debug|Any CPU
		{211FAB7C-FB93-48BE-A5E9-3A21DEC38C54}.Release|Any CPU.ActiveCfg = Release|Any CPU
		{211FAB7C-FB93-48BE-A5E9-3A21DEC38C54}.Release|Any CPU.Build.0 = Release|Any CPU
		{5260F48E-ADE1-49A2-BC61-85870D11B6E7}.Debug|Any CPU.ActiveCfg = Debug|Any CPU
		{5260F48E-ADE1-49A2-BC61-85870D11B6E7}.Debug|Any CPU.Build.0 = Debug|Any CPU
		{5260F48E-ADE1-49A2-BC61-85870D11B6E7}.Release|Any CPU.ActiveCfg = Release|Any CPU
		{5260F48E-ADE1-49A2-BC61-85870D11B6E7}.Release|Any CPU.Build.0 = Release|Any CPU
		{FE0584BF-0E6B-4893-88AA-E1648B9B9B28}.Debug|Any CPU.ActiveCfg = Debug|Any CPU
		{FE0584BF-0E6B-4893-88AA-E1648B9B9B28}.Debug|Any CPU.Build.0 = Debug|Any CPU
		{FE0584BF-0E6B-4893-88AA-E1648B9B9B28}.Release|Any CPU.ActiveCfg = Release|Any CPU
		{FE0584BF-0E6B-4893-88AA-E1648B9B9B28}.Release|Any CPU.Build.0 = Release|Any CPU
		{FA0AFE60-38B5-489E-B982-E0AE55A4314E}.Debug|Any CPU.ActiveCfg = Debug|Any CPU
		{FA0AFE60-38B5-489E-B982-E0AE55A4314E}.Debug|Any CPU.Build.0 = Debug|Any CPU
		{FA0AFE60-38B5-489E-B982-E0AE55A4314E}.Release|Any CPU.ActiveCfg = Release|Any CPU
		{FA0AFE60-38B5-489E-B982-E0AE55A4314E}.Release|Any CPU.Build.0 = Release|Any CPU
		{A9DDE0D8-4D63-40EF-A5B0-B4528DB7F196}.Debug|Any CPU.ActiveCfg = Debug|Any CPU
		{A9DDE0D8-4D63-40EF-A5B0-B4528DB7F196}.Debug|Any CPU.Build.0 = Debug|Any CPU
		{A9DDE0D8-4D63-40EF-A5B0-B4528DB7F196}.Release|Any CPU.ActiveCfg = Release|Any CPU
		{A9DDE0D8-4D63-40EF-A5B0-B4528DB7F196}.Release|Any CPU.Build.0 = Release|Any CPU
		{2B393430-D3FC-496A-8F5F-5A39FF3813CB}.Debug|Any CPU.ActiveCfg = Debug|Any CPU
		{2B393430-D3FC-496A-8F5F-5A39FF3813CB}.Debug|Any CPU.Build.0 = Debug|Any CPU
		{2B393430-D3FC-496A-8F5F-5A39FF3813CB}.Release|Any CPU.ActiveCfg = Release|Any CPU
		{2B393430-D3FC-496A-8F5F-5A39FF3813CB}.Release|Any CPU.Build.0 = Release|Any CPU
		{344FEFED-9834-46C4-9B02-01EB771D579C}.Debug|Any CPU.ActiveCfg = Debug|Any CPU
		{344FEFED-9834-46C4-9B02-01EB771D579C}.Debug|Any CPU.Build.0 = Debug|Any CPU
		{344FEFED-9834-46C4-9B02-01EB771D579C}.Release|Any CPU.ActiveCfg = Release|Any CPU
		{344FEFED-9834-46C4-9B02-01EB771D579C}.Release|Any CPU.Build.0 = Release|Any CPU
		{D650099B-50CE-4DC1-B037-01CBB4310708}.Debug|Any CPU.ActiveCfg = Debug|Any CPU
		{D650099B-50CE-4DC1-B037-01CBB4310708}.Debug|Any CPU.Build.0 = Debug|Any CPU
		{D650099B-50CE-4DC1-B037-01CBB4310708}.Release|Any CPU.ActiveCfg = Release|Any CPU
		{D650099B-50CE-4DC1-B037-01CBB4310708}.Release|Any CPU.Build.0 = Release|Any CPU
		{21874F44-851C-444D-8B99-683700BCBBD9}.Debug|Any CPU.ActiveCfg = Debug|Any CPU
		{21874F44-851C-444D-8B99-683700BCBBD9}.Debug|Any CPU.Build.0 = Debug|Any CPU
		{21874F44-851C-444D-8B99-683700BCBBD9}.Release|Any CPU.ActiveCfg = Release|Any CPU
		{21874F44-851C-444D-8B99-683700BCBBD9}.Release|Any CPU.Build.0 = Release|Any CPU
		{4FD7B3EC-EA3A-4CB9-9817-4005F65C345D}.Debug|Any CPU.ActiveCfg = Debug|Any CPU
		{4FD7B3EC-EA3A-4CB9-9817-4005F65C345D}.Debug|Any CPU.Build.0 = Debug|Any CPU
		{4FD7B3EC-EA3A-4CB9-9817-4005F65C345D}.Release|Any CPU.ActiveCfg = Release|Any CPU
		{4FD7B3EC-EA3A-4CB9-9817-4005F65C345D}.Release|Any CPU.Build.0 = Release|Any CPU
		{3A199F93-3915-4D5A-871E-D8C9882DED64}.Debug|Any CPU.ActiveCfg = Debug|Any CPU
		{3A199F93-3915-4D5A-871E-D8C9882DED64}.Debug|Any CPU.Build.0 = Debug|Any CPU
		{3A199F93-3915-4D5A-871E-D8C9882DED64}.Release|Any CPU.ActiveCfg = Release|Any CPU
		{3A199F93-3915-4D5A-871E-D8C9882DED64}.Release|Any CPU.Build.0 = Release|Any CPU
		{E5506E17-3099-4279-A1E9-A4DFB76A3D29}.Debug|Any CPU.ActiveCfg = Debug|Any CPU
		{E5506E17-3099-4279-A1E9-A4DFB76A3D29}.Debug|Any CPU.Build.0 = Debug|Any CPU
		{E5506E17-3099-4279-A1E9-A4DFB76A3D29}.Release|Any CPU.ActiveCfg = Release|Any CPU
		{E5506E17-3099-4279-A1E9-A4DFB76A3D29}.Release|Any CPU.Build.0 = Release|Any CPU
		{EB91571C-A811-4515-986B-FCD800A94A1C}.Debug|Any CPU.ActiveCfg = Debug|Any CPU
		{EB91571C-A811-4515-986B-FCD800A94A1C}.Debug|Any CPU.Build.0 = Debug|Any CPU
		{EB91571C-A811-4515-986B-FCD800A94A1C}.Release|Any CPU.ActiveCfg = Release|Any CPU
		{EB91571C-A811-4515-986B-FCD800A94A1C}.Release|Any CPU.Build.0 = Release|Any CPU
		{8F424BA8-76B5-4F3F-896B-F5ACFDD61CAA}.Debug|Any CPU.ActiveCfg = Debug|Any CPU
		{8F424BA8-76B5-4F3F-896B-F5ACFDD61CAA}.Debug|Any CPU.Build.0 = Debug|Any CPU
		{8F424BA8-76B5-4F3F-896B-F5ACFDD61CAA}.Release|Any CPU.ActiveCfg = Release|Any CPU
		{8F424BA8-76B5-4F3F-896B-F5ACFDD61CAA}.Release|Any CPU.Build.0 = Release|Any CPU
		{5C051988-868C-489D-BBAD-D3B7B629BE41}.Debug|Any CPU.ActiveCfg = Debug|Any CPU
		{5C051988-868C-489D-BBAD-D3B7B629BE41}.Debug|Any CPU.Build.0 = Debug|Any CPU
		{5C051988-868C-489D-BBAD-D3B7B629BE41}.Release|Any CPU.ActiveCfg = Release|Any CPU
		{5C051988-868C-489D-BBAD-D3B7B629BE41}.Release|Any CPU.Build.0 = Release|Any CPU
		{AFF27D86-1B5D-4310-9675-E1513972DAC0}.Debug|Any CPU.ActiveCfg = Debug|Any CPU
		{AFF27D86-1B5D-4310-9675-E1513972DAC0}.Debug|Any CPU.Build.0 = Debug|Any CPU
		{AFF27D86-1B5D-4310-9675-E1513972DAC0}.Release|Any CPU.ActiveCfg = Release|Any CPU
		{AFF27D86-1B5D-4310-9675-E1513972DAC0}.Release|Any CPU.Build.0 = Release|Any CPU
		{E8F0A7D5-A920-46B9-949A-193A9E3D5556}.Debug|Any CPU.ActiveCfg = Debug|Any CPU
		{E8F0A7D5-A920-46B9-949A-193A9E3D5556}.Debug|Any CPU.Build.0 = Debug|Any CPU
		{E8F0A7D5-A920-46B9-949A-193A9E3D5556}.Release|Any CPU.ActiveCfg = Release|Any CPU
		{E8F0A7D5-A920-46B9-949A-193A9E3D5556}.Release|Any CPU.Build.0 = Release|Any CPU
		{C190D6C0-B973-4984-B17F-F8283B4E98E3}.Debug|Any CPU.ActiveCfg = Debug|Any CPU
		{C190D6C0-B973-4984-B17F-F8283B4E98E3}.Debug|Any CPU.Build.0 = Debug|Any CPU
		{C190D6C0-B973-4984-B17F-F8283B4E98E3}.Release|Any CPU.ActiveCfg = Release|Any CPU
		{C190D6C0-B973-4984-B17F-F8283B4E98E3}.Release|Any CPU.Build.0 = Release|Any CPU
		{0B3A1638-6294-42EC-960E-9F1B65917FEE}.Debug|Any CPU.ActiveCfg = Debug|Any CPU
		{0B3A1638-6294-42EC-960E-9F1B65917FEE}.Debug|Any CPU.Build.0 = Debug|Any CPU
		{0B3A1638-6294-42EC-960E-9F1B65917FEE}.Release|Any CPU.ActiveCfg = Release|Any CPU
		{0B3A1638-6294-42EC-960E-9F1B65917FEE}.Release|Any CPU.Build.0 = Release|Any CPU
		{759F4042-A226-4BA6-99BA-132654A2CD36}.Debug|Any CPU.ActiveCfg = Debug|Any CPU
		{759F4042-A226-4BA6-99BA-132654A2CD36}.Debug|Any CPU.Build.0 = Debug|Any CPU
		{759F4042-A226-4BA6-99BA-132654A2CD36}.Release|Any CPU.ActiveCfg = Release|Any CPU
		{759F4042-A226-4BA6-99BA-132654A2CD36}.Release|Any CPU.Build.0 = Release|Any CPU
		{2EEF1F71-96CF-451B-BC74-B72C30E0925F}.Debug|Any CPU.ActiveCfg = Debug|Any CPU
		{2EEF1F71-96CF-451B-BC74-B72C30E0925F}.Debug|Any CPU.Build.0 = Debug|Any CPU
		{2EEF1F71-96CF-451B-BC74-B72C30E0925F}.Release|Any CPU.ActiveCfg = Release|Any CPU
		{2EEF1F71-96CF-451B-BC74-B72C30E0925F}.Release|Any CPU.Build.0 = Release|Any CPU
		{A0A17443-9AAA-4FF3-A8A0-2A0D5E0271AC}.Debug|Any CPU.ActiveCfg = Debug|Any CPU
		{A0A17443-9AAA-4FF3-A8A0-2A0D5E0271AC}.Debug|Any CPU.Build.0 = Debug|Any CPU
		{A0A17443-9AAA-4FF3-A8A0-2A0D5E0271AC}.Release|Any CPU.ActiveCfg = Release|Any CPU
		{A0A17443-9AAA-4FF3-A8A0-2A0D5E0271AC}.Release|Any CPU.Build.0 = Release|Any CPU
		{FDB51FE9-D65A-4AD3-B461-5230093E1042}.Debug|Any CPU.ActiveCfg = Debug|Any CPU
		{FDB51FE9-D65A-4AD3-B461-5230093E1042}.Debug|Any CPU.Build.0 = Debug|Any CPU
		{FDB51FE9-D65A-4AD3-B461-5230093E1042}.Release|Any CPU.ActiveCfg = Release|Any CPU
		{FDB51FE9-D65A-4AD3-B461-5230093E1042}.Release|Any CPU.Build.0 = Release|Any CPU
		{DDB98F55-94AA-42B5-BD52-6B0DF5B2F0DC}.Debug|Any CPU.ActiveCfg = Debug|Any CPU
		{DDB98F55-94AA-42B5-BD52-6B0DF5B2F0DC}.Debug|Any CPU.Build.0 = Debug|Any CPU
		{DDB98F55-94AA-42B5-BD52-6B0DF5B2F0DC}.Release|Any CPU.ActiveCfg = Release|Any CPU
		{DDB98F55-94AA-42B5-BD52-6B0DF5B2F0DC}.Release|Any CPU.Build.0 = Release|Any CPU
	EndGlobalSection
	GlobalSection(SolutionProperties) = preSolution
		HideSolutionNode = FALSE
	EndGlobalSection
	GlobalSection(NestedProjects) = preSolution
		{E48FAABC-077D-4A2A-8581-D61EE28D039C} = {DADFD7F1-689B-4088-AB10-D292269E11B0}
		{1EF47DE3-4B6C-4791-A62F-9FD719794EB4} = {DADFD7F1-689B-4088-AB10-D292269E11B0}
		{0C62D941-7215-4C5C-A2CC-0E110A4035B9} = {DADFD7F1-689B-4088-AB10-D292269E11B0}
		{BB516246-0039-4E89-9295-9E6F6F23C607} = {DADFD7F1-689B-4088-AB10-D292269E11B0}
		{63170BA2-029E-4AA5-9AEF-1C2C8632344D} = {30EFCFC9-75DE-4BF2-9D7D-192CF97BB2B6}
		{211FAB7C-FB93-48BE-A5E9-3A21DEC38C54} = {5A2F2BDD-B497-4C2F-BF0A-18AA9ACDD5EC}
		{5260F48E-ADE1-49A2-BC61-85870D11B6E7} = {5A2F2BDD-B497-4C2F-BF0A-18AA9ACDD5EC}
		{FE0584BF-0E6B-4893-88AA-E1648B9B9B28} = {5A2F2BDD-B497-4C2F-BF0A-18AA9ACDD5EC}
		{FA0AFE60-38B5-489E-B982-E0AE55A4314E} = {5A2F2BDD-B497-4C2F-BF0A-18AA9ACDD5EC}
		{A9DDE0D8-4D63-40EF-A5B0-B4528DB7F196} = {7FBD44F4-4231-42F7-AC5F-E3051BE5C58E}
		{2B393430-D3FC-496A-8F5F-5A39FF3813CB} = {7FBD44F4-4231-42F7-AC5F-E3051BE5C58E}
		{344FEFED-9834-46C4-9B02-01EB771D579C} = {278ABA1D-327A-4D04-8AD6-924EAFEA9C33}
		{D650099B-50CE-4DC1-B037-01CBB4310708} = {278ABA1D-327A-4D04-8AD6-924EAFEA9C33}
		{21874F44-851C-444D-8B99-683700BCBBD9} = {7FBD44F4-4231-42F7-AC5F-E3051BE5C58E}
		{4FD7B3EC-EA3A-4CB9-9817-4005F65C345D} = {7FBD44F4-4231-42F7-AC5F-E3051BE5C58E}
		{3A199F93-3915-4D5A-871E-D8C9882DED64} = {7FBD44F4-4231-42F7-AC5F-E3051BE5C58E}
		{7FBD44F4-4231-42F7-AC5F-E3051BE5C58E} = {278ABA1D-327A-4D04-8AD6-924EAFEA9C33}
		{E5506E17-3099-4279-A1E9-A4DFB76A3D29} = {3B9E42CE-528A-44B6-864D-D9224183AF42}
		{EB91571C-A811-4515-986B-FCD800A94A1C} = {3B9E42CE-528A-44B6-864D-D9224183AF42}
		{8F424BA8-76B5-4F3F-896B-F5ACFDD61CAA} = {3B9E42CE-528A-44B6-864D-D9224183AF42}
		{5C051988-868C-489D-BBAD-D3B7B629BE41} = {3B9E42CE-528A-44B6-864D-D9224183AF42}
		{AFF27D86-1B5D-4310-9675-E1513972DAC0} = {3B9E42CE-528A-44B6-864D-D9224183AF42}
		{E8F0A7D5-A920-46B9-949A-193A9E3D5556} = {9A79528A-95E5-4C2E-86C9-923E6164042F}
		{C190D6C0-B973-4984-B17F-F8283B4E98E3} = {1CBCCE9A-B24D-4867-8368-2FFAE39589FA}
		{0B3A1638-6294-42EC-960E-9F1B65917FEE} = {9A79528A-95E5-4C2E-86C9-923E6164042F}
		{759F4042-A226-4BA6-99BA-132654A2CD36} = {1209AA4C-794D-42C8-B464-9426E10B1396}
		{2EEF1F71-96CF-451B-BC74-B72C30E0925F} = {1209AA4C-794D-42C8-B464-9426E10B1396}
		{A0A17443-9AAA-4FF3-A8A0-2A0D5E0271AC} = {1209AA4C-794D-42C8-B464-9426E10B1396}
		{FDB51FE9-D65A-4AD3-B461-5230093E1042} = {1209AA4C-794D-42C8-B464-9426E10B1396}
		{DDB98F55-94AA-42B5-BD52-6B0DF5B2F0DC} = {DE512D9E-9DED-4C3B-81A4-8364A26A7EBE}
	EndGlobalSection
EndGlobal
