
Microsoft Visual Studio Solution File, Format Version 12.00
# Visual Studio 2013
VisualStudioVersion = 12.0.21005.1
MinimumVisualStudioVersion = 10.0.40219.1
Project("{2150E333-8FDC-42A3-9474-1A3956D46DE8}") = "01 - Multi-threading", "01 - Multi-threading", "{DADFD7F1-689B-4088-AB10-D292269E11B0}"
EndProject
Project("{FAE04EC0-301F-11D3-BF4B-00C04F79EFBC}") = "01.Threads", "01 - Multi-threading\01.Threads\01.Threads.csproj", "{E48FAABC-077D-4A2A-8581-D61EE28D039C}"
EndProject
Project("{FAE04EC0-301F-11D3-BF4B-00C04F79EFBC}") = "02.TPL", "01 - Multi-threading\02.TPL\02.TPL.csproj", "{1EF47DE3-4B6C-4791-A62F-9FD719794EB4}"
EndProject
Project("{FAE04EC0-301F-11D3-BF4B-00C04F79EFBC}") = "03.Synchronization", "01 - Multi-threading\03.Synchronization\03.Synchronization.csproj", "{0C62D941-7215-4C5C-A2CC-0E110A4035B9}"
EndProject
Project("{FAE04EC0-301F-11D3-BF4B-00C04F79EFBC}") = "Tests.01", "01 - Multi-threading\Tests\Tests.01\Tests.01.csproj", "{BB516246-0039-4E89-9295-9E6F6F23C607}"
EndProject
Project("{FAE04EC0-301F-11D3-BF4B-00C04F79EFBC}") = "Tasks", "01 - Multi-threading\Tasks\Tasks.csproj", "{369264B3-DBB7-4993-AE65-9C3B74027E2B}"
EndProject
Global
	GlobalSection(SolutionConfigurationPlatforms) = preSolution
		Debug|Any CPU = Debug|Any CPU
		Release|Any CPU = Release|Any CPU
	EndGlobalSection
	GlobalSection(ProjectConfigurationPlatforms) = postSolution
		{E48FAABC-077D-4A2A-8581-D61EE28D039C}.Debug|Any CPU.ActiveCfg = Debug|Any CPU
		{E48FAABC-077D-4A2A-8581-D61EE28D039C}.Debug|Any CPU.Build.0 = Debug|Any CPU
		{E48FAABC-077D-4A2A-8581-D61EE28D039C}.Release|Any CPU.ActiveCfg = Release|Any CPU
		{E48FAABC-077D-4A2A-8581-D61EE28D039C}.Release|Any CPU.Build.0 = Release|Any CPU
		{1EF47DE3-4B6C-4791-A62F-9FD719794EB4}.Debug|Any CPU.ActiveCfg = Debug|Any CPU
		{1EF47DE3-4B6C-4791-A62F-9FD719794EB4}.Debug|Any CPU.Build.0 = Debug|Any CPU
		{1EF47DE3-4B6C-4791-A62F-9FD719794EB4}.Release|Any CPU.ActiveCfg = Release|Any CPU
		{1EF47DE3-4B6C-4791-A62F-9FD719794EB4}.Release|Any CPU.Build.0 = Release|Any CPU
		{0C62D941-7215-4C5C-A2CC-0E110A4035B9}.Debug|Any CPU.ActiveCfg = Debug|Any CPU
		{0C62D941-7215-4C5C-A2CC-0E110A4035B9}.Debug|Any CPU.Build.0 = Debug|Any CPU
		{0C62D941-7215-4C5C-A2CC-0E110A4035B9}.Release|Any CPU.ActiveCfg = Release|Any CPU
		{0C62D941-7215-4C5C-A2CC-0E110A4035B9}.Release|Any CPU.Build.0 = Release|Any CPU
		{BB516246-0039-4E89-9295-9E6F6F23C607}.Debug|Any CPU.ActiveCfg = Debug|Any CPU
		{BB516246-0039-4E89-9295-9E6F6F23C607}.Debug|Any CPU.Build.0 = Debug|Any CPU
		{BB516246-0039-4E89-9295-9E6F6F23C607}.Release|Any CPU.ActiveCfg = Release|Any CPU
		{BB516246-0039-4E89-9295-9E6F6F23C607}.Release|Any CPU.Build.0 = Release|Any CPU
		{369264B3-DBB7-4993-AE65-9C3B74027E2B}.Debug|Any CPU.ActiveCfg = Debug|Any CPU
		{369264B3-DBB7-4993-AE65-9C3B74027E2B}.Debug|Any CPU.Build.0 = Debug|Any CPU
		{369264B3-DBB7-4993-AE65-9C3B74027E2B}.Release|Any CPU.ActiveCfg = Release|Any CPU
		{369264B3-DBB7-4993-AE65-9C3B74027E2B}.Release|Any CPU.Build.0 = Release|Any CPU
	EndGlobalSection
	GlobalSection(SolutionProperties) = preSolution
		HideSolutionNode = FALSE
	EndGlobalSection
	GlobalSection(NestedProjects) = preSolution
		{E48FAABC-077D-4A2A-8581-D61EE28D039C} = {DADFD7F1-689B-4088-AB10-D292269E11B0}
		{1EF47DE3-4B6C-4791-A62F-9FD719794EB4} = {DADFD7F1-689B-4088-AB10-D292269E11B0}
		{0C62D941-7215-4C5C-A2CC-0E110A4035B9} = {DADFD7F1-689B-4088-AB10-D292269E11B0}
		{BB516246-0039-4E89-9295-9E6F6F23C607} = {DADFD7F1-689B-4088-AB10-D292269E11B0}
		{369264B3-DBB7-4993-AE65-9C3B74027E2B} = {DADFD7F1-689B-4088-AB10-D292269E11B0}
	EndGlobalSection
EndGlobal
